
Microsoft Visual Studio Solution File, Format Version 12.00
# Visual Studio Version 16
VisualStudioVersion = 16.0.31515.178
MinimumVisualStudioVersion = 10.0.40219.1
Project("{9A19103F-16F7-4668-BE54-9A1E7A4F7556}") = "CSharpIntermediate", "CSharpIntermediate\CSharpIntermediate.csproj", "{53482DD8-CDF0-417D-B566-80A3C1A53897}"
EndProject
Project("{FAE04EC0-301F-11D3-BF4B-00C04F79EFBC}") = "Interfaces.UnitTests", "Interfaces.UnitTests\Interfaces.UnitTests.csproj", "{788E6797-7D84-4729-80DF-392972710FAA}"
EndProject
Global
	GlobalSection(SolutionConfigurationPlatforms) = preSolution
		Debug|Any CPU = Debug|Any CPU
		Release|Any CPU = Release|Any CPU
	EndGlobalSection
	GlobalSection(ProjectConfigurationPlatforms) = postSolution
		{53482DD8-CDF0-417D-B566-80A3C1A53897}.Debug|Any CPU.ActiveCfg = Debug|Any CPU
		{53482DD8-CDF0-417D-B566-80A3C1A53897}.Debug|Any CPU.Build.0 = Debug|Any CPU
		{53482DD8-CDF0-417D-B566-80A3C1A53897}.Release|Any CPU.ActiveCfg = Release|Any CPU
		{53482DD8-CDF0-417D-B566-80A3C1A53897}.Release|Any CPU.Build.0 = Release|Any CPU
		{788E6797-7D84-4729-80DF-392972710FAA}.Debug|Any CPU.ActiveCfg = Debug|Any CPU
		{788E6797-7D84-4729-80DF-392972710FAA}.Debug|Any CPU.Build.0 = Debug|Any CPU
		{788E6797-7D84-4729-80DF-392972710FAA}.Release|Any CPU.ActiveCfg = Release|Any CPU
		{788E6797-7D84-4729-80DF-392972710FAA}.Release|Any CPU.Build.0 = Release|Any CPU
	EndGlobalSection
	GlobalSection(SolutionProperties) = preSolution
		HideSolutionNode = FALSE
	EndGlobalSection
	GlobalSection(ExtensibilityGlobals) = postSolution
		SolutionGuid = {97375929-4AA7-46CC-9B9D-3D99C16A9670}
	EndGlobalSection
EndGlobal
